// !$*UTF8*$!
{
	archiveVersion = 1;
	classes = {
	};
	objectVersion = 77;
	objects = {

/* Begin PBXContainerItemProxy section */
		43DAA2152ECFAEE200F71D61 /* PBXContainerItemProxy */ = {
			isa = PBXContainerItemProxy;
			containerPortal = 43DAA1FF2ECFAEDF00F71D61 /* Project object */;
			proxyType = 1;
			remoteGlobalIDString = 43DAA2062ECFAEDF00F71D61;
			remoteInfo = EntertainmentApp;
		};
		43DAA21F2ECFAEE200F71D61 /* PBXContainerItemProxy */ = {
			isa = PBXContainerItemProxy;
			containerPortal = 43DAA1FF2ECFAEDF00F71D61 /* Project object */;
			proxyType = 1;
			remoteGlobalIDString = 43DAA2062ECFAEDF00F71D61;
			remoteInfo = EntertainmentApp;
		};
/* End PBXContainerItemProxy section */

/* Begin PBXFileReference section */
		43DAA2072ECFAEDF00F71D61 /* EntertainmentApp.app */ = {isa = PBXFileReference; explicitFileType = wrapper.application; includeInIndex = 0; path = EntertainmentApp.app; sourceTree = BUILT_PRODUCTS_DIR; };
		43DAA2142ECFAEE200F71D61 /* EntertainmentAppTests.xctest */ = {isa = PBXFileReference; explicitFileType = wrapper.cfbundle; includeInIndex = 0; path = EntertainmentAppTests.xctest; sourceTree = BUILT_PRODUCTS_DIR; };
		43DAA21E2ECFAEE200F71D61 /* EntertainmentAppUITests.xctest */ = {isa = PBXFileReference; explicitFileType = wrapper.cfbundle; includeInIndex = 0; path = EntertainmentAppUITests.xctest; sourceTree = BUILT_PRODUCTS_DIR; };
/* End PBXFileReference section */

/* Begin PBXFileSystemSynchronizedRootGroup section */
		43DAA2092ECFAEDF00F71D61 /* EntertainmentApp */ = {
			isa = PBXFileSystemSynchronizedRootGroup;
			path = EntertainmentApp;
			sourceTree = "<group>";
		};
		43DAA2172ECFAEE200F71D61 /* EntertainmentAppTests */ = {
			isa = PBXFileSystemSynchronizedRootGroup;
			path = EntertainmentAppTests;
			sourceTree = "<group>";
		};
		43DAA2212ECFAEE200F71D61 /* EntertainmentAppUITests */ = {
			isa = PBXFileSystemSynchronizedRootGroup;
			path = EntertainmentAppUITests;
			sourceTree = "<group>";
		};
/* End PBXFileSystemSynchronizedRootGroup section */

/* Begin PBXFrameworksBuildPhase section */
		43DAA2042ECFAEDF00F71D61 /* Frameworks */ = {
			isa = PBXFrameworksBuildPhase;
			buildActionMask = 2147483647;
			files = (
			);
			runOnlyForDeploymentPostprocessing = 0;
		};
		43DAA2112ECFAEE200F71D61 /* Frameworks */ = {
			isa = PBXFrameworksBuildPhase;
			buildActionMask = 2147483647;
			files = (
			);
			runOnlyForDeploymentPostprocessing = 0;
		};
		43DAA21B2ECFAEE200F71D61 /* Frameworks */ = {
			isa = PBXFrameworksBuildPhase;
			buildActionMask = 2147483647;
			files = (
			);
			runOnlyForDeploymentPostprocessing = 0;
		};
/* End PBXFrameworksBuildPhase section */

/* Begin PBXGroup section */
		43DAA1FE2ECFAEDF00F71D61 = {
			isa = PBXGroup;
			children = (
				43DAA2092ECFAEDF00F71D61 /* EntertainmentApp */,
				43DAA2172ECFAEE200F71D61 /* EntertainmentAppTests */,
				43DAA2212ECFAEE200F71D61 /* EntertainmentAppUITests */,
				43DAA2082ECFAEDF00F71D61 /* Products */,
			);
			sourceTree = "<group>";
		};
		43DAA2082ECFAEDF00F71D61 /* Products */ = {
			isa = PBXGroup;
			children = (
				43DAA2072ECFAEDF00F71D61 /* EntertainmentApp.app */,
				43DAA2142ECFAEE200F71D61 /* EntertainmentAppTests.xctest */,
				43DAA21E2ECFAEE200F71D61 /* EntertainmentAppUITests.xctest */,
			);
			name = Products;
			sourceTree = "<group>";
		};
/* End PBXGroup section */

/* Begin PBXNativeTarget section */
		43DAA2062ECFAEDF00F71D61 /* EntertainmentApp */ = {
			isa = PBXNativeTarget;
			buildConfigurationList = 43DAA2282ECFAEE200F71D61 /* Build configuration list for PBXNativeTarget "EntertainmentApp" */;
			buildPhases = (
				43DAA2032ECFAEDF00F71D61 /* Sources */,
				43DAA2042ECFAEDF00F71D61 /* Frameworks */,
				43DAA2052ECFAEDF00F71D61 /* Resources */,
			);
			buildRules = (
			);
			dependencies = (
			);
			fileSystemSynchronizedGroups = (
				43DAA2092ECFAEDF00F71D61 /* EntertainmentApp */,
			);
			name = EntertainmentApp;
			packageProductDependencies = (
			);
			productName = EntertainmentApp;
			productReference = 43DAA2072ECFAEDF00F71D61 /* EntertainmentApp.app */;
			productType = "com.apple.product-type.application";
		};
		43DAA2132ECFAEE200F71D61 /* EntertainmentAppTests */ = {
			isa = PBXNativeTarget;
			buildConfigurationList = 43DAA22B2ECFAEE200F71D61 /* Build configuration list for PBXNativeTarget "EntertainmentAppTests" */;
			buildPhases = (
				43DAA2102ECFAEE200F71D61 /* Sources */,
				43DAA2112ECFAEE200F71D61 /* Frameworks */,
				43DAA2122ECFAEE200F71D61 /* Resources */,
			);
			buildRules = (
			);
			dependencies = (
				43DAA2162ECFAEE200F71D61 /* PBXTargetDependency */,
			);
			fileSystemSynchronizedGroups = (
				43DAA2172ECFAEE200F71D61 /* EntertainmentAppTests */,
			);
			name = EntertainmentAppTests;
			packageProductDependencies = (
			);
			productName = EntertainmentAppTests;
			productReference = 43DAA2142ECFAEE200F71D61 /* EntertainmentAppTests.xctest */;
			productType = "com.apple.product-type.bundle.unit-test";
		};
		43DAA21D2ECFAEE200F71D61 /* EntertainmentAppUITests */ = {
			isa = PBXNativeTarget;
			buildConfigurationList = 43DAA22E2ECFAEE200F71D61 /* Build configuration list for PBXNativeTarget "EntertainmentAppUITests" */;
			buildPhases = (
				43DAA21A2ECFAEE200F71D61 /* Sources */,
				43DAA21B2ECFAEE200F71D61 /* Frameworks */,
				43DAA21C2ECFAEE200F71D61 /* Resources */,
			);
			buildRules = (
			);
			dependencies = (
				43DAA2202ECFAEE200F71D61 /* PBXTargetDependency */,
			);
			fileSystemSynchronizedGroups = (
				43DAA2212ECFAEE200F71D61 /* EntertainmentAppUITests */,
			);
			name = EntertainmentAppUITests;
			packageProductDependencies = (
			);
			productName = EntertainmentAppUITests;
			productReference = 43DAA21E2ECFAEE200F71D61 /* EntertainmentAppUITests.xctest */;
			productType = "com.apple.product-type.bundle.ui-testing";
		};
/* End PBXNativeTarget section */

/* Begin PBXProject section */
		43DAA1FF2ECFAEDF00F71D61 /* Project object */ = {
			isa = PBXProject;
			attributes = {
				BuildIndependentTargetsInParallel = 1;
				LastSwiftUpdateCheck = 2610;
				LastUpgradeCheck = 2610;
				TargetAttributes = {
					43DAA2062ECFAEDF00F71D61 = {
						CreatedOnToolsVersion = 26.1;
					};
					43DAA2132ECFAEE200F71D61 = {
						CreatedOnToolsVersion = 26.1;
						TestTargetID = 43DAA2062ECFAEDF00F71D61;
					};
					43DAA21D2ECFAEE200F71D61 = {
						CreatedOnToolsVersion = 26.1;
						TestTargetID = 43DAA2062ECFAEDF00F71D61;
					};
				};
			};
			buildConfigurationList = 43DAA2022ECFAEDF00F71D61 /* Build configuration list for PBXProject "EntertainmentApp" */;
			developmentRegion = en;
			hasScannedForEncodings = 0;
			knownRegions = (
				en,
				Base,
			);
			mainGroup = 43DAA1FE2ECFAEDF00F71D61;
			minimizedProjectReferenceProxies = 1;
			preferredProjectObjectVersion = 77;
			productRefGroup = 43DAA2082ECFAEDF00F71D61 /* Products */;
			projectDirPath = "";
			projectRoot = "";
			targets = (
				43DAA2062ECFAEDF00F71D61 /* EntertainmentApp */,
				43DAA2132ECFAEE200F71D61 /* EntertainmentAppTests */,
				43DAA21D2ECFAEE200F71D61 /* EntertainmentAppUITests */,
			);
		};
/* End PBXProject section */

/* Begin PBXResourcesBuildPhase section */
		43DAA2052ECFAEDF00F71D61 /* Resources */ = {
			isa = PBXResourcesBuildPhase;
			buildActionMask = 2147483647;
			files = (
			);
			runOnlyForDeploymentPostprocessing = 0;
		};
		43DAA2122ECFAEE200F71D61 /* Resources */ = {
			isa = PBXResourcesBuildPhase;
			buildActionMask = 2147483647;
			files = (
			);
			runOnlyForDeploymentPostprocessing = 0;
		};
		43DAA21C2ECFAEE200F71D61 /* Resources */ = {
			isa = PBXResourcesBuildPhase;
			buildActionMask = 2147483647;
			files = (
			);
			runOnlyForDeploymentPostprocessing = 0;
		};
/* End PBXResourcesBuildPhase section */

/* Begin PBXSourcesBuildPhase section */
		43DAA2032ECFAEDF00F71D61 /* Sources */ = {
			isa = PBXSourcesBuildPhase;
			buildActionMask = 2147483647;
			files = (
			);
			runOnlyForDeploymentPostprocessing = 0;
		};
		43DAA2102ECFAEE200F71D61 /* Sources */ = {
			isa = PBXSourcesBuildPhase;
			buildActionMask = 2147483647;
			files = (
			);
			runOnlyForDeploymentPostprocessing = 0;
		};
		43DAA21A2ECFAEE200F71D61 /* Sources */ = {
			isa = PBXSourcesBuildPhase;
			buildActionMask = 2147483647;
			files = (
			);
			runOnlyForDeploymentPostprocessing = 0;
		};
/* End PBXSourcesBuildPhase section */

/* Begin PBXTargetDependency section */
		43DAA2162ECFAEE200F71D61 /* PBXTargetDependency */ = {
			isa = PBXTargetDependency;
			target = 43DAA2062ECFAEDF00F71D61 /* EntertainmentApp */;
			targetProxy = 43DAA2152ECFAEE200F71D61 /* PBXContainerItemProxy */;
		};
		43DAA2202ECFAEE200F71D61 /* PBXTargetDependency */ = {
			isa = PBXTargetDependency;
			target = 43DAA2062ECFAEDF00F71D61 /* EntertainmentApp */;
			targetProxy = 43DAA21F2ECFAEE200F71D61 /* PBXContainerItemProxy */;
		};
/* End PBXTargetDependency section */

/* Begin XCBuildConfiguration section */
		43DAA2262ECFAEE200F71D61 /* Debug */ = {
			isa = XCBuildConfiguration;
			buildSettings = {
				ALWAYS_SEARCH_USER_PATHS = NO;
				ASSETCATALOG_COMPILER_GENERATE_SWIFT_ASSET_SYMBOL_EXTENSIONS = YES;
				CLANG_ANALYZER_NONNULL = YES;
				CLANG_ANALYZER_NUMBER_OBJECT_CONVERSION = YES_AGGRESSIVE;
				CLANG_CXX_LANGUAGE_STANDARD = "gnu++20";
				CLANG_ENABLE_MODULES = YES;
				CLANG_ENABLE_OBJC_ARC = YES;
				CLANG_ENABLE_OBJC_WEAK = YES;
				CLANG_WARN_BLOCK_CAPTURE_AUTORELEASING = YES;
				CLANG_WARN_BOOL_CONVERSION = YES;
				CLANG_WARN_COMMA = YES;
				CLANG_WARN_CONSTANT_CONVERSION = YES;
				CLANG_WARN_DEPRECATED_OBJC_IMPLEMENTATIONS = YES;
				CLANG_WARN_DIRECT_OBJC_ISA_USAGE = YES_ERROR;
				CLANG_WARN_DOCUMENTATION_COMMENTS = YES;
				CLANG_WARN_EMPTY_BODY = YES;
				CLANG_WARN_ENUM_CONVERSION = YES;
				CLANG_WARN_INFINITE_RECURSION = YES;
				CLANG_WARN_INT_CONVERSION = YES;
				CLANG_WARN_NON_LITERAL_NULL_CONVERSION = YES;
				CLANG_WARN_OBJC_IMPLICIT_RETAIN_SELF = YES;
				CLANG_WARN_OBJC_LITERAL_CONVERSION = YES;
				CLANG_WARN_OBJC_ROOT_CLASS = YES_ERROR;
				CLANG_WARN_QUOTED_INCLUDE_IN_FRAMEWORK_HEADER = YES;
				CLANG_WARN_RANGE_LOOP_ANALYSIS = YES;
				CLANG_WARN_STRICT_PROTOTYPES = YES;
				CLANG_WARN_SUSPICIOUS_MOVE = YES;
				CLANG_WARN_UNGUARDED_AVAILABILITY = YES_AGGRESSIVE;
				CLANG_WARN_UNREACHABLE_CODE = YES;
				CLANG_WARN__DUPLICATE_METHOD_MATCH = YES;
				COPY_PHASE_STRIP = NO;
				DEBUG_INFORMATION_FORMAT = dwarf;
				ENABLE_STRICT_OBJC_MSGSEND = YES;
				ENABLE_TESTABILITY = YES;
				ENABLE_USER_SCRIPT_SANDBOXING = YES;
				GCC_C_LANGUAGE_STANDARD = gnu17;
				GCC_DYNAMIC_NO_PIC = NO;
				GCC_NO_COMMON_BLOCKS = YES;
				GCC_OPTIMIZATION_LEVEL = 0;
				GCC_PREPROCESSOR_DEFINITIONS = (
					"DEBUG=1",
					"$(inherited)",
				);
				GCC_WARN_64_TO_32_BIT_CONVERSION = YES;
				GCC_WARN_ABOUT_RETURN_TYPE = YES_ERROR;
				GCC_WARN_UNDECLARED_SELECTOR = YES;
				GCC_WARN_UNINITIALIZED_AUTOS = YES_AGGRESSIVE;
				GCC_WARN_UNUSED_FUNCTION = YES;
				GCC_WARN_UNUSED_VARIABLE = YES;
				IPHONEOS_DEPLOYMENT_TARGET = 26.1;
				LOCALIZATION_PREFERS_STRING_CATALOGS = YES;
				MTL_ENABLE_DEBUG_INFO = INCLUDE_SOURCE;
				MTL_FAST_MATH = YES;
				ONLY_ACTIVE_ARCH = YES;
				SDKROOT = iphoneos;
				SWIFT_ACTIVE_COMPILATION_CONDITIONS = "DEBUG $(inherited)";
				SWIFT_OPTIMIZATION_LEVEL = "-Onone";
			};
			name = Debug;
		};
		43DAA2272ECFAEE200F71D61 /* Release */ = {
			isa = XCBuildConfiguration;
			buildSettings = {
				ALWAYS_SEARCH_USER_PATHS = NO;
				ASSETCATALOG_COMPILER_GENERATE_SWIFT_ASSET_SYMBOL_EXTENSIONS = YES;
				CLANG_ANALYZER_NONNULL = YES;
				CLANG_ANALYZER_NUMBER_OBJECT_CONVERSION = YES_AGGRESSIVE;
				CLANG_CXX_LANGUAGE_STANDARD = "gnu++20";
				CLANG_ENABLE_MODULES = YES;
				CLANG_ENABLE_OBJC_ARC = YES;
				CLANG_ENABLE_OBJC_WEAK = YES;
				CLANG_WARN_BLOCK_CAPTURE_AUTORELEASING = YES;
				CLANG_WARN_BOOL_CONVERSION = YES;
				CLANG_WARN_COMMA = YES;
				CLANG_WARN_CONSTANT_CONVERSION = YES;
				CLANG_WARN_DEPRECATED_OBJC_IMPLEMENTATIONS = YES;
				CLANG_WARN_DIRECT_OBJC_ISA_USAGE = YES_ERROR;
				CLANG_WARN_DOCUMENTATION_COMMENTS = YES;
				CLANG_WARN_EMPTY_BODY = YES;
				CLANG_WARN_ENUM_CONVERSION = YES;
				CLANG_WARN_INFINITE_RECURSION = YES;
				CLANG_WARN_INT_CONVERSION = YES;
				CLANG_WARN_NON_LITERAL_NULL_CONVERSION = YES;
				CLANG_WARN_OBJC_IMPLICIT_RETAIN_SELF = YES;
				CLANG_WARN_OBJC_LITERAL_CONVERSION = YES;
				CLANG_WARN_OBJC_ROOT_CLASS = YES_ERROR;
				CLANG_WARN_QUOTED_INCLUDE_IN_FRAMEWORK_HEADER = YES;
				CLANG_WARN_RANGE_LOOP_ANALYSIS = YES;
				CLANG_WARN_STRICT_PROTOTYPES = YES;
				CLANG_WARN_SUSPICIOUS_MOVE = YES;
				CLANG_WARN_UNGUARDED_AVAILABILITY = YES_AGGRESSIVE;
				CLANG_WARN_UNREACHABLE_CODE = YES;
				CLANG_WARN__DUPLICATE_METHOD_MATCH = YES;
				COPY_PHASE_STRIP = NO;
				DEBUG_INFORMATION_FORMAT = "dwarf-with-dsym";
				ENABLE_NS_ASSERTIONS = NO;
				ENABLE_STRICT_OBJC_MSGSEND = YES;
				ENABLE_USER_SCRIPT_SANDBOXING = YES;
				GCC_C_LANGUAGE_STANDARD = gnu17;
				GCC_NO_COMMON_BLOCKS = YES;
				GCC_WARN_64_TO_32_BIT_CONVERSION = YES;
				GCC_WARN_ABOUT_RETURN_TYPE = YES_ERROR;
				GCC_WARN_UNDECLARED_SELECTOR = YES;
				GCC_WARN_UNINITIALIZED_AUTOS = YES_AGGRESSIVE;
				GCC_WARN_UNUSED_FUNCTION = YES;
				GCC_WARN_UNUSED_VARIABLE = YES;
				IPHONEOS_DEPLOYMENT_TARGET = 26.1;
				LOCALIZATION_PREFERS_STRING_CATALOGS = YES;
				MTL_ENABLE_DEBUG_INFO = NO;
				MTL_FAST_MATH = YES;
				SDKROOT = iphoneos;
				SWIFT_COMPILATION_MODE = wholemodule;
				VALIDATE_PRODUCT = YES;
			};
			name = Release;
		};
		43DAA2292ECFAEE200F71D61 /* Debug */ = {
			isa = XCBuildConfiguration;
			buildSettings = {
				ASSETCATALOG_COMPILER_APPICON_NAME = AppIcon;
				ASSETCATALOG_COMPILER_GLOBAL_ACCENT_COLOR_NAME = AccentColor;
				CODE_SIGN_STYLE = Automatic;
				CURRENT_PROJECT_VERSION = 1;
				ENABLE_PREVIEWS = YES;
				GENERATE_INFOPLIST_FILE = YES;
				INFOPLIST_KEY_UIApplicationSceneManifest_Generation = YES;
				INFOPLIST_KEY_UIApplicationSupportsIndirectInputEvents = YES;
				INFOPLIST_KEY_UILaunchScreen_Generation = YES;
				INFOPLIST_KEY_UISupportedInterfaceOrientations_iPad = "UIInterfaceOrientationPortrait UIInterfaceOrientationPortraitUpsideDown UIInterfaceOrientationLandscapeLeft UIInterfaceOrientationLandscapeRight";
				INFOPLIST_KEY_UISupportedInterfaceOrientations_iPhone = "UIInterfaceOrientationPortrait UIInterfaceOrientationLandscapeLeft UIInterfaceOrientationLandscapeRight";
				LD_RUNPATH_SEARCH_PATHS = (
					"$(inherited)",
					"@executable_path/Frameworks",
				);
				MARKETING_VERSION = 1.0;
				PRODUCT_BUNDLE_IDENTIFIER = com.itses.EntertainmentApp;
				PRODUCT_NAME = "$(TARGET_NAME)";
				STRING_CATALOG_GENERATE_SYMBOLS = YES;
				SWIFT_APPROACHABLE_CONCURRENCY = YES;
				SWIFT_DEFAULT_ACTOR_ISOLATION = MainActor;
				SWIFT_EMIT_LOC_STRINGS = YES;
				SWIFT_UPCOMING_FEATURE_MEMBER_IMPORT_VISIBILITY = YES;
				SWIFT_VERSION = 5.0;
				TARGETED_DEVICE_FAMILY = "1,2";
			};
			name = Debug;
		};
		43DAA22A2ECFAEE200F71D61 /* Release */ = {
			isa = XCBuildConfiguration;
			buildSettings = {
				ASSETCATALOG_COMPILER_APPICON_NAME = AppIcon;
				ASSETCATALOG_COMPILER_GLOBAL_ACCENT_COLOR_NAME = AccentColor;
				CODE_SIGN_STYLE = Automatic;
				CURRENT_PROJECT_VERSION = 1;
				ENABLE_PREVIEWS = YES;
				GENERATE_INFOPLIST_FILE = YES;
				INFOPLIST_KEY_UIApplicationSceneManifest_Generation = YES;
				INFOPLIST_KEY_UIApplicationSupportsIndirectInputEvents = YES;
				INFOPLIST_KEY_UILaunchScreen_Generation = YES;
				INFOPLIST_KEY_UISupportedInterfaceOrientations_iPad = "UIInterfaceOrientationPortrait UIInterfaceOrientationPortraitUpsideDown UIInterfaceOrientationLandscapeLeft UIInterfaceOrientationLandscapeRight";
				INFOPLIST_KEY_UISupportedInterfaceOrientations_iPhone = "UIInterfaceOrientationPortrait UIInterfaceOrientationLandscapeLeft UIInterfaceOrientationLandscapeRight";
				LD_RUNPATH_SEARCH_PATHS = (
					"$(inherited)",
					"@executable_path/Frameworks",
				);
				MARKETING_VERSION = 1.0;
				PRODUCT_BUNDLE_IDENTIFIER = com.itses.EntertainmentApp;
				PRODUCT_NAME = "$(TARGET_NAME)";
				STRING_CATALOG_GENERATE_SYMBOLS = YES;
				SWIFT_APPROACHABLE_CONCURRENCY = YES;
				SWIFT_DEFAULT_ACTOR_ISOLATION = MainActor;
				SWIFT_EMIT_LOC_STRINGS = YES;
				SWIFT_UPCOMING_FEATURE_MEMBER_IMPORT_VISIBILITY = YES;
				SWIFT_VERSION = 5.0;
				TARGETED_DEVICE_FAMILY = "1,2";
			};
			name = Release;
		};
		43DAA22C2ECFAEE200F71D61 /* Debug */ = {
			isa = XCBuildConfiguration;
			buildSettings = {
				BUNDLE_LOADER = "$(TEST_HOST)";
				CODE_SIGN_STYLE = Automatic;
				CURRENT_PROJECT_VERSION = 1;
				GENERATE_INFOPLIST_FILE = YES;
				IPHONEOS_DEPLOYMENT_TARGET = 26.1;
				MARKETING_VERSION = 1.0;
				PRODUCT_BUNDLE_IDENTIFIER = com.itses.EntertainmentAppTests;
				PRODUCT_NAME = "$(TARGET_NAME)";
				STRING_CATALOG_GENERATE_SYMBOLS = NO;
				SWIFT_APPROACHABLE_CONCURRENCY = YES;
				SWIFT_EMIT_LOC_STRINGS = NO;
				SWIFT_UPCOMING_FEATURE_MEMBER_IMPORT_VISIBILITY = YES;
				SWIFT_VERSION = 5.0;
				TARGETED_DEVICE_FAMILY = "1,2";
				TEST_HOST = "$(BUILT_PRODUCTS_DIR)/EntertainmentApp.app/$(BUNDLE_EXECUTABLE_FOLDER_PATH)/EntertainmentApp";
			};
			name = Debug;
		};
		43DAA22D2ECFAEE200F71D61 /* Release */ = {
			isa = XCBuildConfiguration;
			buildSettings = {
				BUNDLE_LOADER = "$(TEST_HOST)";
				CODE_SIGN_STYLE = Automatic;
				CURRENT_PROJECT_VERSION = 1;
				GENERATE_INFOPLIST_FILE = YES;
				IPHONEOS_DEPLOYMENT_TARGET = 26.1;
				MARKETING_VERSION = 1.0;
				PRODUCT_BUNDLE_IDENTIFIER = com.itses.EntertainmentAppTests;
				PRODUCT_NAME = "$(TARGET_NAME)";
				STRING_CATALOG_GENERATE_SYMBOLS = NO;
				SWIFT_APPROACHABLE_CONCURRENCY = YES;
				SWIFT_EMIT_LOC_STRINGS = NO;
				SWIFT_UPCOMING_FEATURE_MEMBER_IMPORT_VISIBILITY = YES;
				SWIFT_VERSION = 5.0;
				TARGETED_DEVICE_FAMILY = "1,2";
				TEST_HOST = "$(BUILT_PRODUCTS_DIR)/EntertainmentApp.app/$(BUNDLE_EXECUTABLE_FOLDER_PATH)/EntertainmentApp";
			};
			name = Release;
		};
		43DAA22F2ECFAEE200F71D61 /* Debug */ = {
			isa = XCBuildConfiguration;
			buildSettings = {
				CODE_SIGN_STYLE = Automatic;
				CURRENT_PROJECT_VERSION = 1;
				GENERATE_INFOPLIST_FILE = YES;
				MARKETING_VERSION = 1.0;
				PRODUCT_BUNDLE_IDENTIFIER = com.itses.EntertainmentAppUITests;
				PRODUCT_NAME = "$(TARGET_NAME)";
				STRING_CATALOG_GENERATE_SYMBOLS = NO;
				SWIFT_APPROACHABLE_CONCURRENCY = YES;
				SWIFT_EMIT_LOC_STRINGS = NO;
				SWIFT_UPCOMING_FEATURE_MEMBER_IMPORT_VISIBILITY = YES;
				SWIFT_VERSION = 5.0;
				TARGETED_DEVICE_FAMILY = "1,2";
				TEST_TARGET_NAME = EntertainmentApp;
			};
			name = Debug;
		};
		43DAA2302ECFAEE200F71D61 /* Release */ = {
			isa = XCBuildConfiguration;
			buildSettings = {
				CODE_SIGN_STYLE = Automatic;
				CURRENT_PROJECT_VERSION = 1;
				GENERATE_INFOPLIST_FILE = YES;
				MARKETING_VERSION = 1.0;
				PRODUCT_BUNDLE_IDENTIFIER = com.itses.EntertainmentAppUITests;
				PRODUCT_NAME = "$(TARGET_NAME)";
				STRING_CATALOG_GENERATE_SYMBOLS = NO;
				SWIFT_APPROACHABLE_CONCURRENCY = YES;
				SWIFT_EMIT_LOC_STRINGS = NO;
				SWIFT_UPCOMING_FEATURE_MEMBER_IMPORT_VISIBILITY = YES;
				SWIFT_VERSION = 5.0;
				TARGETED_DEVICE_FAMILY = "1,2";
				TEST_TARGET_NAME = EntertainmentApp;
			};
			name = Release;
		};
/* End XCBuildConfiguration section */

/* Begin XCConfigurationList section */
		43DAA2022ECFAEDF00F71D61 /* Build configuration list for PBXProject "EntertainmentApp" */ = {
			isa = XCConfigurationList;
			buildConfigurations = (
				43DAA2262ECFAEE200F71D61 /* Debug */,
				43DAA2272ECFAEE200F71D61 /* Release */,
			);
			defaultConfigurationIsVisible = 0;
			defaultConfigurationName = Release;
		};
		43DAA2282ECFAEE200F71D61 /* Build configuration list for PBXNativeTarget "EntertainmentApp" */ = {
			isa = XCConfigurationList;
			buildConfigurations = (
				43DAA2292ECFAEE200F71D61 /* Debug */,
				43DAA22A2ECFAEE200F71D61 /* Release */,
			);
			defaultConfigurationIsVisible = 0;
			defaultConfigurationName = Release;
		};
		43DAA22B2ECFAEE200F71D61 /* Build configuration list for PBXNativeTarget "EntertainmentAppTests" */ = {
			isa = XCConfigurationList;
			buildConfigurations = (
				43DAA22C2ECFAEE200F71D61 /* Debug */,
				43DAA22D2ECFAEE200F71D61 /* Release */,
			);
			defaultConfigurationIsVisible = 0;
			defaultConfigurationName = Release;
		};
		43DAA22E2ECFAEE200F71D61 /* Build configuration list for PBXNativeTarget "EntertainmentAppUITests" */ = {
			isa = XCConfigurationList;
			buildConfigurations = (
				43DAA22F2ECFAEE200F71D61 /* Debug */,
				43DAA2302ECFAEE200F71D61 /* Release */,
			);
			defaultConfigurationIsVisible = 0;
			defaultConfigurationName = Release;
		};
/* End XCConfigurationList section */
	};
	rootObject = 43DAA1FF2ECFAEDF00F71D61 /* Project object */;
}
